
Microsoft Visual Studio Solution File, Format Version 12.00
# Visual Studio Version 17
VisualStudioVersion = 17.0.32126.317
MinimumVisualStudioVersion = 10.0.40219.1
Project("{FAE04EC0-301F-11D3-BF4B-00C04F79EFBC}") = "EftPatchHelper", "EftPatchHelper\EftPatchHelper.csproj", "{53238CBB-729D-4E9B-ABB3-12C430AE56F1}"
EndProject
Project("{FAE04EC0-301F-11D3-BF4B-00C04F79EFBC}") = "PizzaOvenApi", "PizzaOvenApi\PizzaOvenApi.csproj", "{5E4C5EB5-D7AA-4E12-B86A-0EE78B7F492D}"
EndProject
Global
	GlobalSection(SolutionConfigurationPlatforms) = preSolution
		Debug|Any CPU = Debug|Any CPU
		Release|Any CPU = Release|Any CPU
	EndGlobalSection
	GlobalSection(ProjectConfigurationPlatforms) = postSolution
		{53238CBB-729D-4E9B-ABB3-12C430AE56F1}.Debug|Any CPU.ActiveCfg = Debug|Any CPU
		{53238CBB-729D-4E9B-ABB3-12C430AE56F1}.Debug|Any CPU.Build.0 = Debug|Any CPU
		{53238CBB-729D-4E9B-ABB3-12C430AE56F1}.Release|Any CPU.ActiveCfg = Release|Any CPU
		{53238CBB-729D-4E9B-ABB3-12C430AE56F1}.Release|Any CPU.Build.0 = Release|Any CPU
		{5E4C5EB5-D7AA-4E12-B86A-0EE78B7F492D}.Debug|Any CPU.ActiveCfg = Debug|Any CPU
		{5E4C5EB5-D7AA-4E12-B86A-0EE78B7F492D}.Debug|Any CPU.Build.0 = Debug|Any CPU
		{5E4C5EB5-D7AA-4E12-B86A-0EE78B7F492D}.Release|Any CPU.ActiveCfg = Release|Any CPU
		{5E4C5EB5-D7AA-4E12-B86A-0EE78B7F492D}.Release|Any CPU.Build.0 = Release|Any CPU
	EndGlobalSection
	GlobalSection(SolutionProperties) = preSolution
		HideSolutionNode = FALSE
	EndGlobalSection
	GlobalSection(ExtensibilityGlobals) = postSolution
		SolutionGuid = {D08D2C5F-8AAA-4A57-AD66-F21402682B0C}
	EndGlobalSection
EndGlobal
